
Microsoft Visual Studio Solution File, Format Version 12.00
# Visual Studio Version 17
VisualStudioVersion = 17.14.36414.22 d17.14
MinimumVisualStudioVersion = 10.0.40219.1
Project("{FAE04EC0-301F-11D3-BF4B-00C04F79EFBC}") = "Performnce Evaluvator", "Performnce Evaluvator\Performnce Evaluvator.csproj", "{19C90B31-C3F2-4832-9AF2-92AEA38675D6}"
EndProject
Global
	GlobalSection(SolutionConfigurationPlatforms) = preSolution
		Debug|Any CPU = Debug|Any CPU
		Release|Any CPU = Release|Any CPU
	EndGlobalSection
	GlobalSection(ProjectConfigurationPlatforms) = postSolution
		{19C90B31-C3F2-4832-9AF2-92AEA38675D6}.Debug|Any CPU.ActiveCfg = Debug|Any CPU
		{19C90B31-C3F2-4832-9AF2-92AEA38675D6}.Debug|Any CPU.Build.0 = Debug|Any CPU
		{19C90B31-C3F2-4832-9AF2-92AEA38675D6}.Release|Any CPU.ActiveCfg = Release|Any CPU
		{19C90B31-C3F2-4832-9AF2-92AEA38675D6}.Release|Any CPU.Build.0 = Release|Any CPU
	EndGlobalSection
	GlobalSection(SolutionProperties) = preSolution
		HideSolutionNode = FALSE
	EndGlobalSection
	GlobalSection(ExtensibilityGlobals) = postSolution
		SolutionGuid = {E897950A-6A36-44FE-9668-961431D1229F}
	EndGlobalSection
EndGlobal
